
Microsoft Visual Studio Solution File, Format Version 12.00
# Visual Studio 15
VisualStudioVersion = 15.0.28307.136
MinimumVisualStudioVersion = 10.0.40219.1
Project("{FAE04EC0-301F-11D3-BF4B-00C04F79EFBC}") = "gympass", "gympass\gympass.csproj", "{EF445778-1C01-415D-AABD-19CCAF5C92C8}"
EndProject
Project("{FAE04EC0-301F-11D3-BF4B-00C04F79EFBC}") = "gympass_test", "gympass_test\gympass_test.csproj", "{2E7BA956-01F5-4A34-90E1-E709BCE94846}"
EndProject
Global
	GlobalSection(SolutionConfigurationPlatforms) = preSolution
		Debug|Any CPU = Debug|Any CPU
		Release|Any CPU = Release|Any CPU
	EndGlobalSection
	GlobalSection(ProjectConfigurationPlatforms) = postSolution
		{EF445778-1C01-415D-AABD-19CCAF5C92C8}.Debug|Any CPU.ActiveCfg = Debug|Any CPU
		{EF445778-1C01-415D-AABD-19CCAF5C92C8}.Debug|Any CPU.Build.0 = Debug|Any CPU
		{EF445778-1C01-415D-AABD-19CCAF5C92C8}.Release|Any CPU.ActiveCfg = Release|Any CPU
		{EF445778-1C01-415D-AABD-19CCAF5C92C8}.Release|Any CPU.Build.0 = Release|Any CPU
		{2E7BA956-01F5-4A34-90E1-E709BCE94846}.Debug|Any CPU.ActiveCfg = Debug|Any CPU
		{2E7BA956-01F5-4A34-90E1-E709BCE94846}.Debug|Any CPU.Build.0 = Debug|Any CPU
		{2E7BA956-01F5-4A34-90E1-E709BCE94846}.Release|Any CPU.ActiveCfg = Release|Any CPU
		{2E7BA956-01F5-4A34-90E1-E709BCE94846}.Release|Any CPU.Build.0 = Release|Any CPU
	EndGlobalSection
	GlobalSection(SolutionProperties) = preSolution
		HideSolutionNode = FALSE
	EndGlobalSection
	GlobalSection(ExtensibilityGlobals) = postSolution
		SolutionGuid = {D9590B01-9AED-4B95-B2A5-39294EFE0AE4}
	EndGlobalSection
EndGlobal
